{
    "_meta": {
        "hash": {
            "sha256": "b7c2f9751622a659546ef62a9918fc1a4afa574e2102dabbb3dfce13f117b0ff"
        },
        "pipfile-spec": 6,
        "requires": {
            "python_version": "3.11"
        },
        "sources": [
            {
                "name": "pypi",
                "url": "https://pypi.org/simple",
                "verify_ssl": true
            }
        ]
    },
    "default": {
        "dnspython": {
            "hashes": [
                "sha256:b4c34b7d10b51bcc3a5071e7b8dee77939f1e878477eeecc965e9835f63c6c86",
                "sha256:ce9c432eda0dc91cf618a5cedf1a4e142651196bbcd2c80e89ed5a907e5cfaf1"
            ],
            "markers": "python_version >= '3.9'",
            "version": "==2.7.0"
        },
        "lgpio": {
            "hashes": [
                "sha256:11372e653b200f76a0b3ef8a23a0735c85ec678a9f8550b9893151ed0f863fff",
                "sha256:1594dd4fdf054ff396bf0730802732c26aa2040d6c70250d0d34f703baafd121",
                "sha256:2aadff092f642fcdada8457c158f87259dfda3a89ec19bae0b99ff22b34aac4b",
                "sha256:5b3c403e1fba9c17d178f1bde102726c548fc5c4fc1ccf5ec3e18f3c08e07e04",
                "sha256:6c65ac42e878764d04a71ed12fe6d46089b36e9e8127722bf29bb2e4bc91de22",
                "sha256:97fe5fb0e888c96031e8899e8c0eca64c63076a6d1f1e774acad8696430b2ff6",
                "sha256:9ed135824c717901457dcf2462bb1af9f5445aa6e56bb7a9263fc064620ef586",
                "sha256:a2f71fb95b149d8ac82c7c6bae70f054f6dc42a006ad35c90c7d8e54921fbcf4",
                "sha256:d245f315e4bc5ba1b72df9fd935a16c99e56ccf6b41d9f66a87804c1dfd91c86",
                "sha256:d907db79292c721c605af08187385ddb3b7af09907e1ffca56cf0cd6558ace0a",
                "sha256:e9f4f3915abe5ae0ffdb4b96f485076d80a663876d839e2d3fd9218a71b9873e",
                "sha256:f8f1a2818ed4293182999679ac8559aea70d45743f5a3ae8025837e529d9e0d4",
                "sha256:f95d6a6db23f99e745e0aee36cd49a515dd6846a5ddb49474c73a390bb2048e2"
            ],
            "version": "==0.2.2.0"
        },
        "mariadb": {
            "hashes": [
                "sha256:194045d2f59b2c9100dad210dbd8ba3008120f8a434e792dae15b711e5449022",
                "sha256:50b02ff2c78b1b4f4628a054e3c8c7dd92972137727a5cc309a64c9ed20c878c",
                "sha256:5ae99af48ba92e3e2edad1dcda293f352c1b65e335007943b9def4cdde622fab",
                "sha256:69b284ed12e6ef8dda6314cb1ca9d20d53b8a32a07bed2924beb25488e7d9502",
                "sha256:8b49fc1e8c38bf5a779d46f8cea61c99660adb08d5d15cb7dbc7911a6439ffc2",
                "sha256:8cc4068bdd14f4907746ec3bb37005682e47f84438cf56bdc6d901c2587f792a",
                "sha256:992064971e0ff4b4154b80b16589ec86237ce4bd33debe1be5212141c056858a",
                "sha256:b69bc18418e72fcf359d17736cdc3f601a271203aff13ef7c57a415c8fd52ab0",
                "sha256:ba43c42130d41352f32a5786c339cc931d05472ef7640fa3764d428dc294b88e",
                "sha256:dd9d0ca112eb670dfa99a2fb7c4398bcc2a8c452dbf5507a8e4b5c4ae991bb2a",
                "sha256:e3ce7c47be58897822d07f119461b2aa6aa41a53f3505bec517b14fc6c3611a6"
            ],
            "index": "pypi",
            "version": "==1.1.12"
        },
        "mbutki": {
            "editable": true,
            "path": "."
        },
        "packaging": {
            "hashes": [
                "sha256:29572ef2b1f17581046b3a2227d5c611fb25ec70ca1ba8554b24b0e69331a484",
                "sha256:d443872c98d677bf60f6a1f2f8c1cb748e8fe762d2bf9d3148b5599295b0fc4f"
            ],
            "markers": "python_version >= '3.8'",
            "version": "==25.0"
        },
        "pillow": {
            "hashes": [
                "sha256:014ca0050c85003620526b0ac1ac53f56fc93af128f7546623cc8e31875ab928",
                "sha256:036e53f4170e270ddb8797d4c590e6dd14d28e15c7da375c18978045f7e6c37b",
                "sha256:062b7a42d672c45a70fa1f8b43d1d38ff76b63421cbbe7f88146b39e8a558d91",
                "sha256:0c3e6d0f59171dfa2e25d7116217543310908dfa2770aa64b8f87605f8cacc97",
                "sha256:0c7b29dbd4281923a2bfe562acb734cee96bbb129e96e6972d315ed9f232bef4",
                "sha256:0f5c7eda47bf8e3c8a283762cab94e496ba977a420868cb819159980b6709193",
                "sha256:127bf6ac4a5b58b3d32fc8289656f77f80567d65660bc46f72c0d77e6600cc95",
                "sha256:14e33b28bf17c7a38eede290f77db7c664e4eb01f7869e37fa98a5aa95978941",
                "sha256:14f73f7c291279bd65fda51ee87affd7c1e097709f7fdd0188957a16c264601f",
                "sha256:191955c55d8a712fab8934a42bfefbf99dd0b5875078240943f913bb66d46d9f",
                "sha256:1d535df14716e7f8776b9e7fee118576d65572b4aad3ed639be9e4fa88a1cad3",
                "sha256:208653868d5c9ecc2b327f9b9ef34e0e42a4cdd172c2988fd81d62d2bc9bc044",
                "sha256:21e1470ac9e5739ff880c211fc3af01e3ae505859392bf65458c224d0bf283eb",
                "sha256:225c832a13326e34f212d2072982bb1adb210e0cc0b153e688743018c94a2681",
                "sha256:25a5f306095c6780c52e6bbb6109624b95c5b18e40aab1c3041da3e9e0cd3e2d",
                "sha256:2728567e249cdd939f6cc3d1f049595c66e4187f3c34078cbc0a7d21c47482d2",
                "sha256:2b490402c96f907a166615e9a5afacf2519e28295f157ec3a2bb9bd57de638cb",
                "sha256:312c77b7f07ab2139924d2639860e084ec2a13e72af54d4f08ac843a5fc9c79d",
                "sha256:31df6e2d3d8fc99f993fd253e97fae451a8db2e7207acf97859732273e108406",
                "sha256:35ca289f712ccfc699508c4658a1d14652e8033e9b69839edf83cbdd0ba39e70",
                "sha256:3692b68c87096ac6308296d96354eddd25f98740c9d2ab54e1549d6c8aea9d79",
                "sha256:36d6b82164c39ce5482f649b437382c0fb2395eabc1e2b1702a6deb8ad647d6e",
                "sha256:39ad2e0f424394e3aebc40168845fee52df1394a4673a6ee512d840d14ab3013",
                "sha256:3e645b020f3209a0181a418bffe7b4a93171eef6c4ef6cc20980b30bebf17b7d",
                "sha256:3fe735ced9a607fee4f481423a9c36701a39719252a9bb251679635f99d0f7d2",
                "sha256:4b835d89c08a6c2ee7781b8dd0a30209a8012b5f09c0a665b65b0eb3560b6f36",
                "sha256:4d375eb838755f2528ac8cbc926c3e31cc49ca4ad0cf79cff48b20e30634a4a7",
                "sha256:4eb92eca2711ef8be42fd3f67533765d9fd043b8c80db204f16c8ea62ee1a751",
                "sha256:5119225c622403afb4b44bad4c1ca6c1f98eed79db8d3bc6e4e160fc6339d66c",
                "sha256:562d11134c97a62fe3af29581f083033179f7ff435f78392565a1ad2d1c2c45c",
                "sha256:598174aef4589af795f66f9caab87ba4ff860ce08cd5bb447c6fc553ffee603c",
                "sha256:63b5dff3a68f371ea06025a1a6966c9a1e1ee452fc8020c2cd0ea41b83e9037b",
                "sha256:6ebce70c3f486acf7591a3d73431fa504a4e18a9b97ff27f5f47b7368e4b9dd1",
                "sha256:738db0e0941ca0376804d4de6a782c005245264edaa253ffce24e5a15cbdc7bd",
                "sha256:7491cf8a79b8eb867d419648fff2f83cb0b3891c8b36da92cc7f1931d46108c8",
                "sha256:74ee3d7ecb3f3c05459ba95eed5efa28d6092d751ce9bf20e3e253a4e497e691",
                "sha256:750f96efe0597382660d8b53e90dd1dd44568a8edb51cb7f9d5d918b80d4de14",
                "sha256:78092232a4ab376a35d68c4e6d5e00dfd73454bd12b230420025fbe178ee3b0b",
                "sha256:78afba22027b4accef10dbd5eed84425930ba41b3ea0a86fa8d20baaf19d807f",
                "sha256:7bdb5e09068332578214cadd9c05e3d64d99e0e87591be22a324bdbc18925be0",
                "sha256:80f1df8dbe9572b4b7abdfa17eb5d78dd620b1d55d9e25f834efdbee872d3aed",
                "sha256:85d27ea4c889342f7e35f6d56e7e1cb345632ad592e8c51b693d7b7556043ce0",
                "sha256:8b02d8f9cb83c52578a0b4beadba92e37d83a4ef11570a8688bbf43f4ca50909",
                "sha256:8ce2e8411c7aaef53e6bb29fe98f28cd4fbd9a1d9be2eeea434331aac0536b22",
                "sha256:8f4f3724c068be008c08257207210c138d5f3731af6c155a81c2b09a9eb3a788",
                "sha256:9622e3b6c1d8b551b6e6f21873bdcc55762b4b2126633014cea1803368a9aa16",
                "sha256:9b7b0d4fd2635f54ad82785d56bc0d94f147096493a79985d0ab57aedd563156",
                "sha256:9bc7ae48b8057a611e5fe9f853baa88093b9a76303937449397899385da06fad",
                "sha256:9db98ab6565c69082ec9b0d4e40dd9f6181dab0dd236d26f7a50b8b9bfbd5076",
                "sha256:9ee66787e095127116d91dea2143db65c7bb1e232f617aa5957c0d9d2a3f23a7",
                "sha256:a0a6709b47019dff32e678bc12c63008311b82b9327613f534e496dacaefb71e",
                "sha256:a64dd61998416367b7ef979b73d3a85853ba9bec4c2925f74e588879a58716b6",
                "sha256:aa442755e31c64037aa7c1cb186e0b369f8416c567381852c63444dd666fb772",
                "sha256:ad275964d52e2243430472fc5d2c2334b4fc3ff9c16cb0a19254e25efa03a155",
                "sha256:b0e130705d568e2f43a17bcbe74d90958e8a16263868a12c3e0d9c8162690830",
                "sha256:b10428b3416d4f9c61f94b494681280be7686bda15898a3a9e08eb66a6d92d67",
                "sha256:b2dbea1012ccb784a65349f57bbc93730b96e85b42e9bf7b01ef40443db720b4",
                "sha256:b4ba4be812c7a40280629e55ae0b14a0aafa150dd6451297562e1764808bbe61",
                "sha256:b93a07e76d13bff9444f1a029e0af2964e654bfc2e2c2d46bfd080df5ad5f3d8",
                "sha256:bf2c33d6791c598142f00c9c4c7d47f6476731c31081331664eb26d6ab583e01",
                "sha256:c27476257b2fdcd7872d54cfd119b3a9ce4610fb85c8e32b70b42e3680a29a1e",
                "sha256:c8bd62331e5032bc396a93609982a9ab6b411c05078a52f5fe3cc59234a3abd1",
                "sha256:c97209e85b5be259994eb5b69ff50c5d20cca0f458ef9abd835e262d9d88b39d",
                "sha256:cc1c3bc53befb6096b84165956e886b1729634a799e9d6329a0c512ab651e579",
                "sha256:cc5d875d56e49f112b6def6813c4e3d3036d269c008bf8aef72cd08d20ca6df6",
                "sha256:d189ba1bebfbc0c0e529159631ec72bb9e9bc041f01ec6d3233d6d82eb823bc1",
                "sha256:d4e5c5edee874dce4f653dbe59db7c73a600119fbea8d31f53423586ee2aafd7",
                "sha256:d57a75d53922fc20c165016a20d9c44f73305e67c351bbc60d1adaf662e74047",
                "sha256:da3104c57bbd72948d75f6a9389e6727d2ab6333c3617f0a89d72d4940aa0443",
                "sha256:dd6b20b93b3ccc9c1b597999209e4bc5cf2853f9ee66e3fc9a400a78733ffc9a",
                "sha256:e0409af9f829f87a2dfb7e259f78f317a5351f2045158be321fd135973fff7bf",
                "sha256:e0b55f27f584ed623221cfe995c912c61606be8513bfa0e07d2c674b4516d9dd",
                "sha256:e616e7154c37669fc1dfc14584f11e284e05d1c650e1c0f972f281c4ccc53193",
                "sha256:e6def7eed9e7fa90fde255afaf08060dc4b343bbe524a8f69bdd2a2f0018f600",
                "sha256:ea926cfbc3957090becbcbbb65ad177161a2ff2ad578b5a6ec9bb1e1cd78753c",
                "sha256:f0d3348c95b766f54b76116d53d4cb171b52992a1027e7ca50c81b43b9d9e363",
                "sha256:f6b0c664ccb879109ee3ca702a9272d877f4fcd21e5eb63c26422fd6e415365e",
                "sha256:f781dcb0bc9929adc77bad571b8621ecb1e4cdef86e940fe2e5b5ee24fd33b35",
                "sha256:f91ebf30830a48c825590aede79376cb40f110b387c17ee9bd59932c961044f9",
                "sha256:fdec757fea0b793056419bca3e9932eb2b0ceec90ef4813ea4c1e072c389eb28",
                "sha256:fe15238d3798788d00716637b3d4e7bb6bde18b26e5d08335a96e88564a36b6b"
            ],
            "index": "pypi",
            "version": "==11.2.1"
        },
        "pymongo": {
            "hashes": [
                "sha256:007450b8c8d17b4e5b779ab6e1938983309eac26b5b8f0863c48effa4b151b07",
                "sha256:02f0e1af87280697a1a8304238b863d4eee98c8b97f554ee456c3041c0f3a021",
                "sha256:1397eac713b84946210ab556666cfdd787eee824e910fbbe661d147e110ec516",
                "sha256:1bac84ee40032bec4c089e92970893157fcd0ef40b81157404ceb4c1dac8ba72",
                "sha256:209efd3b62cdbebd3cc7a76d5e37414ad08c9bfe8b28ae73695ade065d5b1277",
                "sha256:267eff6a66da5cf5255b3bcd257984619e9c4d41a53578d4e1d827553a51cf40",
                "sha256:2d377bb0811e0a9676bacb21a4f87ef307f2e9a40a625660c113a9c0ae897e8c",
                "sha256:3d631d879e934b46222f5092d8951cbb9fe83542649697c8d342ea7b5479f118",
                "sha256:3f33b8c1405d05517dce06756f2800b37dd098216cae5903cd80ad4f0a9dad08",
                "sha256:46c8bce9af98556110a950939f3eaa3f7648308d60df65feb783c780f8b9bfa9",
                "sha256:50c503b7e809e54740704ec4c87a0f2ccdb910c3b1d36c07dbd2029b6eaa6a50",
                "sha256:51081910a91e3451db74b7265ee290c72220412aa8897d6dfe28f6e5d80b685b",
                "sha256:5303e2074b85234e337ebe622d353ce38a35696cd47a7d970f84b545288aee01",
                "sha256:5adc1349fd5c94d5dfbcbd1ad9858d1df61945a07f5905dcf17bb62eb4c81f93",
                "sha256:5dea2f6b44697eda38a11ef754d2adfff5373c51b1ffda00b9fedc5facbd605f",
                "sha256:61733c8f1ded90ab671a08033ee99b837073c73e505b3b3b633a55a0326e77f4",
                "sha256:6208b83e7d566935218c0837f3b74c7d2dda83804d5d843ce21a55f22255ab74",
                "sha256:66800de4f4487e7c437991b44bc1e717aadaf06e67451a760efe5cd81ce86575",
                "sha256:6a8f060f8ad139d1d45f75ef7aa0084bd7f714fc666f98ef00009efc7db34acd",
                "sha256:6b91f59137e46cd3ff17d5684a18e8006d65d0ee62eb1068b512262d1c2c5ae8",
                "sha256:81b46d9bc62128c3d968336f8635bcfce33d8e9e1fc6be6ebdfb98effaccb9c7",
                "sha256:82c36928c1c26580ce4f2497a6875968636e87c77108ff253d76b1355181a405",
                "sha256:899a5ea9cd32b1b0880015fdceaa36a41140a8c2ce8621626c52f7023724aed6",
                "sha256:8af08ba2886f08d334bc7e5d5c662c60ea2f16e813a2c35106f399463fa11087",
                "sha256:8e11ea726ff8ddc8c8393895cd7e93a57e2558c27273d3712797895c53d25692",
                "sha256:8e90195cb5aee24a67a29adde54c1dae4d9744e17e4585bea3a83bfff96db46c",
                "sha256:92a06e3709e3c7e50820d352d3d4e60015406bcba69808937dac2a6d22226fde",
                "sha256:92f5e75ae265e798be1a8a40a29e2ab934e156f3827ca0e1c47e69d43f4dcb31",
                "sha256:936f7be9ed6919e3be7369b858d1c58ebaa4f3ef231cf4860779b8ba3b4fcd11",
                "sha256:99a52cfbf31579cc63c926048cd0ada6f96c98c1c4c211356193e07418e6207c",
                "sha256:a9fe172e93551ddfdb94b9ad34dccebc4b7b680dc1d131bc6bd661c4a5b2945c",
                "sha256:b2afe49109b4d498d8e55ac9692915f2a3fce0bd31646bb7ed41f9ab3546ca19",
                "sha256:b54e19e0f6c8a7ad0c5074a8cbefb29c12267c784ceb9a1577a62bbc43150161",
                "sha256:b63d9d8be87f4be11972c5a63d815974c298ada59a2e1d56ef5b6984d81c544a",
                "sha256:b9288188101506a9d1aa3f70f65b7f5f499f8f7d5c23ec86a47551d756e32059",
                "sha256:bd0c9322fdf1b9e8a5c99ca337bd9a99d972ba57c976e77b5017366ba26725e1",
                "sha256:bd23119f9d0358aa1f78174d2eda88ca5c882a722e25ca31197402278acddc6e",
                "sha256:be048fb78e165243272a8cdbeb40d53eace82424b95417ab3ab6ec8e9b00c59b",
                "sha256:c02160ab3a67eca393a2a2bb83dccddf4db2196d0d7c6a980a55157e4bdadc06",
                "sha256:c03e02129ad202d8e146480b398c4a3ea18266ee0754b6a4805de6baf4a6a8c7",
                "sha256:c7d740560710be0c514bc9d26f5dcbb3c85dbb6b450c4c3246d8136ca84055bd",
                "sha256:cef461fae88ac51cd6b3f81adf58171113c58c0e77c82c751b3bdcef516cfeb1",
                "sha256:d10d3967e87c21869f084af5716d02626a17f6f9ccc9379fcbece5821c2a9fb4",
                "sha256:d4b4942e5566a134fe34c03d7182a0b346e4a478defe625dc430dd5a178ad96e",
                "sha256:d684d9b385d97ab821d2ae74628c81a8bd12a4e5004a3ded0ec8c20381d62d0e",
                "sha256:d81d159bd23d8ac53a6e819cccee991cb9350ab2541dfaa25aeb2f712d23b0a5",
                "sha256:d842e11eb94f7074314ff1d97a05790539a1d74c3048ce50ea9f0da1f4f96b0a",
                "sha256:d9a1d7d49d0d364520894116133d017b6e0e2d5131eb31c8553552fa77a65085",
                "sha256:dc9e412911f210d9b0eca42d25c22d3725809dda03dedbaf6f9ffa192d461905",
                "sha256:e4a7855933011026898ea0d4532fbd83cef63a76205c823a4ef5557d970df1f1",
                "sha256:e7d349066f4c229d638a30f1f53ec3a4aaf4a4fc568491bdf77e7415a96003fb",
                "sha256:ea47a64ed9918be0fa8a4a11146a80f546c09e0d65fd08e90a5c00366a59bdb0",
                "sha256:f0b26cd4e090161927b7a81741a3627a41b74265dfb41c6957bfb474504b4b42",
                "sha256:f39791a88cd5ec1760f65e878af419747c6f94ce74f9293735cbba6025ff4d0d",
                "sha256:fb780d9d284ffdf7922edd4a6d7ba08e54a6680f85f64f91fa9cc2617dd488b7",
                "sha256:fca24e4df05501420b2ce2207c03f21fcbdfac1e3f41e312e61b8f416c5b4963",
                "sha256:fe497c885b08600a022646f00f4d3303697c5289990acec250e2be2e1699ca23"
            ],
            "index": "pypi",
            "version": "==4.13.0"
        },
        "rpi-lgpio": {
            "hashes": [
                "sha256:0930b6e0ffbfbeee9366fbfa5038d29a7606be96a5229d570b1f81be8f776777",
                "sha256:84579b11d543bb8abdddc1e10fcd6bdc2819e5897be72d6949a2b044d71fb73e"
            ],
            "index": "pypi",
            "version": "==0.6"
        },
        "spidev": {
            "hashes": [
                "sha256:6f9a51d72eac0785d3b7a839c5ee1b6a16a9b711fe053d56adecdf18786e2550",
                "sha256:ce628a5ff489f45132679879bff5f455a66abf9751af01843850155b06ae92f0"
            ],
            "index": "pypi",
            "version": "==3.7"
        }
    },
    "develop": {}
}
